// !$*UTF8*$!
{
	archiveVersion = 1;
	classes = {
	};
	objectVersion = 46;
	objects = {

/* Begin PBXBuildFile section */
		508348A31E66B9F7009EAC2D /* main.m in Sources */ = {isa = PBXBuildFile; fileRef = 508348A21E66B9F7009EAC2D /* main.m */; };
		508348A61E66B9F7009EAC2D /* AppDelegate.m in Sources */ = {isa = PBXBuildFile; fileRef = 508348A51E66B9F7009EAC2D /* AppDelegate.m */; };
		508348A91E66B9F7009EAC2D /* ViewController.m in Sources */ = {isa = PBXBuildFile; fileRef = 508348A81E66B9F7009EAC2D /* ViewController.m */; };
		508348AC1E66B9F7009EAC2D /* Main.storyboard in Resources */ = {isa = PBXBuildFile; fileRef = 508348AA1E66B9F7009EAC2D /* Main.storyboard */; };
		508348AE1E66B9F7009EAC2D /* Assets.xcassets in Resources */ = {isa = PBXBuildFile; fileRef = 508348AD1E66B9F7009EAC2D /* Assets.xcassets */; };
		508348B11E66B9F7009EAC2D /* LaunchScreen.storyboard in Resources */ = {isa = PBXBuildFile; fileRef = 508348AF1E66B9F7009EAC2D /* LaunchScreen.storyboard */; };
		508348BC1E66B9F7009EAC2D /* ScrollViewDemoTests.m in Sources */ = {isa = PBXBuildFile; fileRef = 508348BB1E66B9F7009EAC2D /* ScrollViewDemoTests.m */; };
		508348C71E66B9F7009EAC2D /* ScrollViewDemoUITests.m in Sources */ = {isa = PBXBuildFile; fileRef = 508348C61E66B9F7009EAC2D /* ScrollViewDemoUITests.m */; };
		508348E81E66C6E8009EAC2D /* libAdMarvelSDK.a in Frameworks */ = {isa = PBXBuildFile; fileRef = 508348DD1E66C6E8009EAC2D /* libAdMarvelSDK.a */; };
		508348EB1E66C704009EAC2D /* Accounts.framework in Frameworks */ = {isa = PBXBuildFile; fileRef = 508348EA1E66C703009EAC2D /* Accounts.framework */; };
		508348ED1E66C709009EAC2D /* AdSupport.framework in Frameworks */ = {isa = PBXBuildFile; fileRef = 508348EC1E66C709009EAC2D /* AdSupport.framework */; };
		508348EF1E66C711009EAC2D /* AssetsLibrary.framework in Frameworks */ = {isa = PBXBuildFile; fileRef = 508348EE1E66C711009EAC2D /* AssetsLibrary.framework */; };
		508348F11E66C71F009EAC2D /* AudioToolbox.framework in Frameworks */ = {isa = PBXBuildFile; fileRef = 508348F01E66C71F009EAC2D /* AudioToolbox.framework */; };
		508348F31E66C72F009EAC2D /* AVFoundation.framework in Frameworks */ = {isa = PBXBuildFile; fileRef = 508348F21E66C72F009EAC2D /* AVFoundation.framework */; };
		508348F51E66C73A009EAC2D /* CFNetwork.framework in Frameworks */ = {isa = PBXBuildFile; fileRef = 508348F41E66C73A009EAC2D /* CFNetwork.framework */; };
		508348F71E66C741009EAC2D /* CoreGraphics.framework in Frameworks */ = {isa = PBXBuildFile; fileRef = 508348F61E66C741009EAC2D /* CoreGraphics.framework */; };
		508348F91E66C74E009EAC2D /* CoreLocation.framework in Frameworks */ = {isa = PBXBuildFile; fileRef = 508348F81E66C74E009EAC2D /* CoreLocation.framework */; };
		508348FB1E66C756009EAC2D /* CoreMedia.framework in Frameworks */ = {isa = PBXBuildFile; fileRef = 508348FA1E66C756009EAC2D /* CoreMedia.framework */; };
		508348FD1E66C761009EAC2D /* CoreMotion.framework in Frameworks */ = {isa = PBXBuildFile; fileRef = 508348FC1E66C761009EAC2D /* CoreMotion.framework */; };
		508348FF1E66C76B009EAC2D /* WebKit.framework in Frameworks */ = {isa = PBXBuildFile; fileRef = 508348FE1E66C76B009EAC2D /* WebKit.framework */; };
		508349011E66C770009EAC2D /* CoreTelephony.framework in Frameworks */ = {isa = PBXBuildFile; fileRef = 508349001E66C770009EAC2D /* CoreTelephony.framework */; };
		508349041E66C77D009EAC2D /* EventKit.framework in Frameworks */ = {isa = PBXBuildFile; fileRef = 508349021E66C77D009EAC2D /* EventKit.framework */; };
		508349051E66C77D009EAC2D /* EventKitUI.framework in Frameworks */ = {isa = PBXBuildFile; fileRef = 508349031E66C77D009EAC2D /* EventKitUI.framework */; };
		508349071E66C788009EAC2D /* Foundation.framework in Frameworks */ = {isa = PBXBuildFile; fileRef = 508349061E66C788009EAC2D /* Foundation.framework */; };
		508349091E66C78F009EAC2D /* iAd.framework in Frameworks */ = {isa = PBXBuildFile; fileRef = 508349081E66C78F009EAC2D /* iAd.framework */; };
		5083490B1E66C79A009EAC2D /* libstdc++.tbd in Frameworks */ = {isa = PBXBuildFile; fileRef = 5083490A1E66C79A009EAC2D /* libstdc++.tbd */; };
		5083490D1E66C7A5009EAC2D /* libz.tbd in Frameworks */ = {isa = PBXBuildFile; fileRef = 5083490C1E66C7A5009EAC2D /* libz.tbd */; };
		5083490F1E66C7BF009EAC2D /* MediaPlayer.framework in Frameworks */ = {isa = PBXBuildFile; fileRef = 5083490E1E66C7BF009EAC2D /* MediaPlayer.framework */; };
		508349111E66C7C9009EAC2D /* MessageUI.framework in Frameworks */ = {isa = PBXBuildFile; fileRef = 508349101E66C7C9009EAC2D /* MessageUI.framework */; };
		508349131E66C7D8009EAC2D /* MobileCoreServices.framework in Frameworks */ = {isa = PBXBuildFile; fileRef = 508349121E66C7D8009EAC2D /* MobileCoreServices.framework */; };
		508349151E66C7E9009EAC2D /* QuartzCore.framework in Frameworks */ = {isa = PBXBuildFile; fileRef = 508349141E66C7E9009EAC2D /* QuartzCore.framework */; };
		508349171E66C803009EAC2D /* StoreKit.framework in Frameworks */ = {isa = PBXBuildFile; fileRef = 508349161E66C803009EAC2D /* StoreKit.framework */; };
		508349191E66C80E009EAC2D /* Security.framework in Frameworks */ = {isa = PBXBuildFile; fileRef = 508349181E66C80E009EAC2D /* Security.framework */; };
		5083491B1E66C815009EAC2D /* Social.framework in Frameworks */ = {isa = PBXBuildFile; fileRef = 5083491A1E66C815009EAC2D /* Social.framework */; };
		5083491D1E66C81E009EAC2D /* SystemConfiguration.framework in Frameworks */ = {isa = PBXBuildFile; fileRef = 5083491C1E66C81E009EAC2D /* SystemConfiguration.framework */; };
		5083491F1E66C828009EAC2D /* UIKit.framework in Frameworks */ = {isa = PBXBuildFile; fileRef = 5083491E1E66C828009EAC2D /* UIKit.framework */; };
/* End PBXBuildFile section */

/* Begin PBXContainerItemProxy section */
		508348B81E66B9F7009EAC2D /* PBXContainerItemProxy */ = {
			isa = PBXContainerItemProxy;
			containerPortal = 508348961E66B9F7009EAC2D /* Project object */;
			proxyType = 1;
			remoteGlobalIDString = 5083489D1E66B9F7009EAC2D;
			remoteInfo = ScrollViewDemo;
		};
		508348C31E66B9F7009EAC2D /* PBXContainerItemProxy */ = {
			isa = PBXContainerItemProxy;
			containerPortal = 508348961E66B9F7009EAC2D /* Project object */;
			proxyType = 1;
			remoteGlobalIDString = 5083489D1E66B9F7009EAC2D;
			remoteInfo = ScrollViewDemo;
		};
/* End PBXContainerItemProxy section */

/* Begin PBXFileReference section */
		5083489E1E66B9F7009EAC2D /* ScrollViewDemo.app */ = {isa = PBXFileReference; explicitFileType = wrapper.application; includeInIndex = 0; path = ScrollViewDemo.app; sourceTree = BUILT_PRODUCTS_DIR; };
		508348A21E66B9F7009EAC2D /* main.m */ = {isa = PBXFileReference; lastKnownFileType = sourcecode.c.objc; path = main.m; sourceTree = "<group>"; };
		508348A41E66B9F7009EAC2D /* AppDelegate.h */ = {isa = PBXFileReference; lastKnownFileType = sourcecode.c.h; path = AppDelegate.h; sourceTree = "<group>"; };
		508348A51E66B9F7009EAC2D /* AppDelegate.m */ = {isa = PBXFileReference; lastKnownFileType = sourcecode.c.objc; path = AppDelegate.m; sourceTree = "<group>"; };
		508348A71E66B9F7009EAC2D /* ViewController.h */ = {isa = PBXFileReference; lastKnownFileType = sourcecode.c.h; path = ViewController.h; sourceTree = "<group>"; };
		508348A81E66B9F7009EAC2D /* ViewController.m */ = {isa = PBXFileReference; lastKnownFileType = sourcecode.c.objc; path = ViewController.m; sourceTree = "<group>"; };
		508348AB1E66B9F7009EAC2D /* Base */ = {isa = PBXFileReference; lastKnownFileType = file.storyboard; name = Base; path = Base.lproj/Main.storyboard; sourceTree = "<group>"; };
		508348AD1E66B9F7009EAC2D /* Assets.xcassets */ = {isa = PBXFileReference; lastKnownFileType = folder.assetcatalog; path = Assets.xcassets; sourceTree = "<group>"; };
		508348B01E66B9F7009EAC2D /* Base */ = {isa = PBXFileReference; lastKnownFileType = file.storyboard; name = Base; path = Base.lproj/LaunchScreen.storyboard; sourceTree = "<group>"; };
		508348B21E66B9F7009EAC2D /* Info.plist */ = {isa = PBXFileReference; lastKnownFileType = text.plist.xml; path = Info.plist; sourceTree = "<group>"; };
		508348B71E66B9F7009EAC2D /* ScrollViewDemoTests.xctest */ = {isa = PBXFileReference; explicitFileType = wrapper.cfbundle; includeInIndex = 0; path = ScrollViewDemoTests.xctest; sourceTree = BUILT_PRODUCTS_DIR; };
		508348BB1E66B9F7009EAC2D /* ScrollViewDemoTests.m */ = {isa = PBXFileReference; lastKnownFileType = sourcecode.c.objc; path = ScrollViewDemoTests.m; sourceTree = "<group>"; };
		508348BD1E66B9F7009EAC2D /* Info.plist */ = {isa = PBXFileReference; lastKnownFileType = text.plist.xml; path = Info.plist; sourceTree = "<group>"; };
		508348C21E66B9F7009EAC2D /* ScrollViewDemoUITests.xctest */ = {isa = PBXFileReference; explicitFileType = wrapper.cfbundle; includeInIndex = 0; path = ScrollViewDemoUITests.xctest; sourceTree = BUILT_PRODUCTS_DIR; };
		508348C61E66B9F7009EAC2D /* ScrollViewDemoUITests.m */ = {isa = PBXFileReference; lastKnownFileType = sourcecode.c.objc; path = ScrollViewDemoUITests.m; sourceTree = "<group>"; };
		508348C81E66B9F7009EAC2D /* Info.plist */ = {isa = PBXFileReference; lastKnownFileType = text.plist.xml; path = Info.plist; sourceTree = "<group>"; };
		508348D71E66C6E8009EAC2D /* AdMarvelDelegate.h */ = {isa = PBXFileReference; fileEncoding = 4; lastKnownFileType = sourcecode.c.h; path = AdMarvelDelegate.h; sourceTree = "<group>"; };
		508348D81E66C6E8009EAC2D /* AdMarvelNativeAd.h */ = {isa = PBXFileReference; fileEncoding = 4; lastKnownFileType = sourcecode.c.h; path = AdMarvelNativeAd.h; sourceTree = "<group>"; };
		508348D91E66C6E8009EAC2D /* AdMarvelNativeAdDelegate.h */ = {isa = PBXFileReference; fileEncoding = 4; lastKnownFileType = sourcecode.c.h; path = AdMarvelNativeAdDelegate.h; sourceTree = "<group>"; };
		508348DA1E66C6E8009EAC2D /* AdMarvelReward.h */ = {isa = PBXFileReference; fileEncoding = 4; lastKnownFileType = sourcecode.c.h; path = AdMarvelReward.h; sourceTree = "<group>"; };
		508348DB1E66C6E8009EAC2D /* AdMarvelRewardDelegate.h */ = {isa = PBXFileReference; fileEncoding = 4; lastKnownFileType = sourcecode.c.h; path = AdMarvelRewardDelegate.h; sourceTree = "<group>"; };
		508348DC1E66C6E8009EAC2D /* AdMarvelView.h */ = {isa = PBXFileReference; fileEncoding = 4; lastKnownFileType = sourcecode.c.h; path = AdMarvelView.h; sourceTree = "<group>"; };
		508348DD1E66C6E8009EAC2D /* libAdMarvelSDK.a */ = {isa = PBXFileReference; lastKnownFileType = archive.ar; path = libAdMarvelSDK.a; sourceTree = "<group>"; };
		508348DF1E66C6E8009EAC2D /* OMWCustomBanner.h */ = {isa = PBXFileReference; fileEncoding = 4; lastKnownFileType = sourcecode.c.h; path = OMWCustomBanner.h; sourceTree = "<group>"; };
		508348E01E66C6E8009EAC2D /* OMWCustomBannerDelegate.h */ = {isa = PBXFileReference; fileEncoding = 4; lastKnownFileType = sourcecode.c.h; path = OMWCustomBannerDelegate.h; sourceTree = "<group>"; };
		508348E11E66C6E8009EAC2D /* OMWCustomInterstitial.h */ = {isa = PBXFileReference; fileEncoding = 4; lastKnownFileType = sourcecode.c.h; path = OMWCustomInterstitial.h; sourceTree = "<group>"; };
		508348E21E66C6E8009EAC2D /* OMWCustomInterstitialDelegate.h */ = {isa = PBXFileReference; fileEncoding = 4; lastKnownFileType = sourcecode.c.h; path = OMWCustomInterstitialDelegate.h; sourceTree = "<group>"; };
		508348E31E66C6E8009EAC2D /* OMWCustomNative.h */ = {isa = PBXFileReference; fileEncoding = 4; lastKnownFileType = sourcecode.c.h; path = OMWCustomNative.h; sourceTree = "<group>"; };
		508348E41E66C6E8009EAC2D /* OMWCustomNativeAd.h */ = {isa = PBXFileReference; fileEncoding = 4; lastKnownFileType = sourcecode.c.h; path = OMWCustomNativeAd.h; sourceTree = "<group>"; };
		508348E51E66C6E8009EAC2D /* OMWCustomNativeDelegate.h */ = {isa = PBXFileReference; fileEncoding = 4; lastKnownFileType = sourcecode.c.h; path = OMWCustomNativeDelegate.h; sourceTree = "<group>"; };
		508348E61E66C6E8009EAC2D /* OMWCustomReward.h */ = {isa = PBXFileReference; fileEncoding = 4; lastKnownFileType = sourcecode.c.h; path = OMWCustomReward.h; sourceTree = "<group>"; };
		508348E71E66C6E8009EAC2D /* OMWCustomRewardDelegate.h */ = {isa = PBXFileReference; fileEncoding = 4; lastKnownFileType = sourcecode.c.h; path = OMWCustomRewardDelegate.h; sourceTree = "<group>"; };
		508348EA1E66C703009EAC2D /* Accounts.framework */ = {isa = PBXFileReference; lastKnownFileType = wrapper.framework; name = Accounts.framework; path = System/Library/Frameworks/Accounts.framework; sourceTree = SDKROOT; };
		508348EC1E66C709009EAC2D /* AdSupport.framework */ = {isa = PBXFileReference; lastKnownFileType = wrapper.framework; name = AdSupport.framework; path = System/Library/Frameworks/AdSupport.framework; sourceTree = SDKROOT; };
		508348EE1E66C711009EAC2D /* AssetsLibrary.framework */ = {isa = PBXFileReference; lastKnownFileType = wrapper.framework; name = AssetsLibrary.framework; path = System/Library/Frameworks/AssetsLibrary.framework; sourceTree = SDKROOT; };
		508348F01E66C71F009EAC2D /* AudioToolbox.framework */ = {isa = PBXFileReference; lastKnownFileType = wrapper.framework; name = AudioToolbox.framework; path = System/Library/Frameworks/AudioToolbox.framework; sourceTree = SDKROOT; };
		508348F21E66C72F009EAC2D /* AVFoundation.framework */ = {isa = PBXFileReference; lastKnownFileType = wrapper.framework; name = AVFoundation.framework; path = System/Library/Frameworks/AVFoundation.framework; sourceTree = SDKROOT; };
		508348F41E66C73A009EAC2D /* CFNetwork.framework */ = {isa = PBXFileReference; lastKnownFileType = wrapper.framework; name = CFNetwork.framework; path = System/Library/Frameworks/CFNetwork.framework; sourceTree = SDKROOT; };
		508348F61E66C741009EAC2D /* CoreGraphics.framework */ = {isa = PBXFileReference; lastKnownFileType = wrapper.framework; name = CoreGraphics.framework; path = System/Library/Frameworks/CoreGraphics.framework; sourceTree = SDKROOT; };
		508348F81E66C74E009EAC2D /* CoreLocation.framework */ = {isa = PBXFileReference; lastKnownFileType = wrapper.framework; name = CoreLocation.framework; path = System/Library/Frameworks/CoreLocation.framework; sourceTree = SDKROOT; };
		508348FA1E66C756009EAC2D /* CoreMedia.framework */ = {isa = PBXFileReference; lastKnownFileType = wrapper.framework; name = CoreMedia.framework; path = System/Library/Frameworks/CoreMedia.framework; sourceTree = SDKROOT; };
		508348FC1E66C761009EAC2D /* CoreMotion.framework */ = {isa = PBXFileReference; lastKnownFileType = wrapper.framework; name = CoreMotion.framework; path = System/Library/Frameworks/CoreMotion.framework; sourceTree = SDKROOT; };
		508348FE1E66C76B009EAC2D /* WebKit.framework */ = {isa = PBXFileReference; lastKnownFileType = wrapper.framework; name = WebKit.framework; path = System/Library/Frameworks/WebKit.framework; sourceTree = SDKROOT; };
		508349001E66C770009EAC2D /* CoreTelephony.framework */ = {isa = PBXFileReference; lastKnownFileType = wrapper.framework; name = CoreTelephony.framework; path = System/Library/Frameworks/CoreTelephony.framework; sourceTree = SDKROOT; };
		508349021E66C77D009EAC2D /* EventKit.framework */ = {isa = PBXFileReference; lastKnownFileType = wrapper.framework; name = EventKit.framework; path = System/Library/Frameworks/EventKit.framework; sourceTree = SDKROOT; };
		508349031E66C77D009EAC2D /* EventKitUI.framework */ = {isa = PBXFileReference; lastKnownFileType = wrapper.framework; name = EventKitUI.framework; path = System/Library/Frameworks/EventKitUI.framework; sourceTree = SDKROOT; };
		508349061E66C788009EAC2D /* Foundation.framework */ = {isa = PBXFileReference; lastKnownFileType = wrapper.framework; name = Foundation.framework; path = System/Library/Frameworks/Foundation.framework; sourceTree = SDKROOT; };
		508349081E66C78F009EAC2D /* iAd.framework */ = {isa = PBXFileReference; lastKnownFileType = wrapper.framework; name = iAd.framework; path = System/Library/Frameworks/iAd.framework; sourceTree = SDKROOT; };
		5083490A1E66C79A009EAC2D /* libstdc++.tbd */ = {isa = PBXFileReference; lastKnownFileType = "sourcecode.text-based-dylib-definition"; name = "libstdc++.tbd"; path = "usr/lib/libstdc++.tbd"; sourceTree = SDKROOT; };
		5083490C1E66C7A5009EAC2D /* libz.tbd */ = {isa = PBXFileReference; lastKnownFileType = "sourcecode.text-based-dylib-definition"; name = libz.tbd; path = usr/lib/libz.tbd; sourceTree = SDKROOT; };
		5083490E1E66C7BF009EAC2D /* MediaPlayer.framework */ = {isa = PBXFileReference; lastKnownFileType = wrapper.framework; name = MediaPlayer.framework; path = System/Library/Frameworks/MediaPlayer.framework; sourceTree = SDKROOT; };
		508349101E66C7C9009EAC2D /* MessageUI.framework */ = {isa = PBXFileReference; lastKnownFileType = wrapper.framework; name = MessageUI.framework; path = System/Library/Frameworks/MessageUI.framework; sourceTree = SDKROOT; };
		508349121E66C7D8009EAC2D /* MobileCoreServices.framework */ = {isa = PBXFileReference; lastKnownFileType = wrapper.framework; name = MobileCoreServices.framework; path = System/Library/Frameworks/MobileCoreServices.framework; sourceTree = SDKROOT; };
		508349141E66C7E9009EAC2D /* QuartzCore.framework */ = {isa = PBXFileReference; lastKnownFileType = wrapper.framework; name = QuartzCore.framework; path = System/Library/Frameworks/QuartzCore.framework; sourceTree = SDKROOT; };
		508349161E66C803009EAC2D /* StoreKit.framework */ = {isa = PBXFileReference; lastKnownFileType = wrapper.framework; name = StoreKit.framework; path = System/Library/Frameworks/StoreKit.framework; sourceTree = SDKROOT; };
		508349181E66C80E009EAC2D /* Security.framework */ = {isa = PBXFileReference; lastKnownFileType = wrapper.framework; name = Security.framework; path = System/Library/Frameworks/Security.framework; sourceTree = SDKROOT; };
		5083491A1E66C815009EAC2D /* Social.framework */ = {isa = PBXFileReference; lastKnownFileType = wrapper.framework; name = Social.framework; path = System/Library/Frameworks/Social.framework; sourceTree = SDKROOT; };
		5083491C1E66C81E009EAC2D /* SystemConfiguration.framework */ = {isa = PBXFileReference; lastKnownFileType = wrapper.framework; name = SystemConfiguration.framework; path = System/Library/Frameworks/SystemConfiguration.framework; sourceTree = SDKROOT; };
		5083491E1E66C828009EAC2D /* UIKit.framework */ = {isa = PBXFileReference; lastKnownFileType = wrapper.framework; name = UIKit.framework; path = System/Library/Frameworks/UIKit.framework; sourceTree = SDKROOT; };
/* End PBXFileReference section */

/* Begin PBXFrameworksBuildPhase section */
		5083489B1E66B9F7009EAC2D /* Frameworks */ = {
			isa = PBXFrameworksBuildPhase;
			buildActionMask = 2147483647;
			files = (
				5083491F1E66C828009EAC2D /* UIKit.framework in Frameworks */,
				5083491D1E66C81E009EAC2D /* SystemConfiguration.framework in Frameworks */,
				5083491B1E66C815009EAC2D /* Social.framework in Frameworks */,
				508349191E66C80E009EAC2D /* Security.framework in Frameworks */,
				508349171E66C803009EAC2D /* StoreKit.framework in Frameworks */,
				508349151E66C7E9009EAC2D /* QuartzCore.framework in Frameworks */,
				508349131E66C7D8009EAC2D /* MobileCoreServices.framework in Frameworks */,
				508349111E66C7C9009EAC2D /* MessageUI.framework in Frameworks */,
				5083490F1E66C7BF009EAC2D /* MediaPlayer.framework in Frameworks */,
				5083490D1E66C7A5009EAC2D /* libz.tbd in Frameworks */,
				5083490B1E66C79A009EAC2D /* libstdc++.tbd in Frameworks */,
				508349091E66C78F009EAC2D /* iAd.framework in Frameworks */,
				508349071E66C788009EAC2D /* Foundation.framework in Frameworks */,
				508349041E66C77D009EAC2D /* EventKit.framework in Frameworks */,
				508349051E66C77D009EAC2D /* EventKitUI.framework in Frameworks */,
				508349011E66C770009EAC2D /* CoreTelephony.framework in Frameworks */,
				508348FF1E66C76B009EAC2D /* WebKit.framework in Frameworks */,
				508348FD1E66C761009EAC2D /* CoreMotion.framework in Frameworks */,
				508348FB1E66C756009EAC2D /* CoreMedia.framework in Frameworks */,
				508348F91E66C74E009EAC2D /* CoreLocation.framework in Frameworks */,
				508348F71E66C741009EAC2D /* CoreGraphics.framework in Frameworks */,
				508348F51E66C73A009EAC2D /* CFNetwork.framework in Frameworks */,
				508348F31E66C72F009EAC2D /* AVFoundation.framework in Frameworks */,
				508348F11E66C71F009EAC2D /* AudioToolbox.framework in Frameworks */,
				508348EF1E66C711009EAC2D /* AssetsLibrary.framework in Frameworks */,
				508348ED1E66C709009EAC2D /* AdSupport.framework in Frameworks */,
				508348EB1E66C704009EAC2D /* Accounts.framework in Frameworks */,
				508348E81E66C6E8009EAC2D /* libAdMarvelSDK.a in Frameworks */,
			);
			runOnlyForDeploymentPostprocessing = 0;
		};
		508348B41E66B9F7009EAC2D /* Frameworks */ = {
			isa = PBXFrameworksBuildPhase;
			buildActionMask = 2147483647;
			files = (
			);
			runOnlyForDeploymentPostprocessing = 0;
		};
		508348BF1E66B9F7009EAC2D /* Frameworks */ = {
			isa = PBXFrameworksBuildPhase;
			buildActionMask = 2147483647;
			files = (
			);
			runOnlyForDeploymentPostprocessing = 0;
		};
/* End PBXFrameworksBuildPhase section */

/* Begin PBXGroup section */
		508348951E66B9F7009EAC2D = {
			isa = PBXGroup;
			children = (
				508348A01E66B9F7009EAC2D /* ScrollViewDemo */,
				508348BA1E66B9F7009EAC2D /* ScrollViewDemoTests */,
				508348C51E66B9F7009EAC2D /* ScrollViewDemoUITests */,
				5083489F1E66B9F7009EAC2D /* Products */,
				508348D61E66C6E8009EAC2D /* AdMarvelSDK */,
				508348E91E66C703009EAC2D /* Frameworks */,
			);
			sourceTree = "<group>";
		};
		5083489F1E66B9F7009EAC2D /* Products */ = {
			isa = PBXGroup;
			children = (
				5083489E1E66B9F7009EAC2D /* ScrollViewDemo.app */,
				508348B71E66B9F7009EAC2D /* ScrollViewDemoTests.xctest */,
				508348C21E66B9F7009EAC2D /* ScrollViewDemoUITests.xctest */,
			);
			name = Products;
			sourceTree = "<group>";
		};
		508348A01E66B9F7009EAC2D /* ScrollViewDemo */ = {
			isa = PBXGroup;
			children = (
				508348A41E66B9F7009EAC2D /* AppDelegate.h */,
				508348A51E66B9F7009EAC2D /* AppDelegate.m */,
				508348A71E66B9F7009EAC2D /* ViewController.h */,
				508348A81E66B9F7009EAC2D /* ViewController.m */,
				508348AA1E66B9F7009EAC2D /* Main.storyboard */,
				508348AD1E66B9F7009EAC2D /* Assets.xcassets */,
				508348AF1E66B9F7009EAC2D /* LaunchScreen.storyboard */,
				508348B21E66B9F7009EAC2D /* Info.plist */,
				508348A11E66B9F7009EAC2D /* Supporting Files */,
			);
			path = ScrollViewDemo;
			sourceTree = "<group>";
		};
		508348A11E66B9F7009EAC2D /* Supporting Files */ = {
			isa = PBXGroup;
			children = (
				508348A21E66B9F7009EAC2D /* main.m */,
			);
			name = "Supporting Files";
			sourceTree = "<group>";
		};
		508348BA1E66B9F7009EAC2D /* ScrollViewDemoTests */ = {
			isa = PBXGroup;
			children = (
				508348BB1E66B9F7009EAC2D /* ScrollViewDemoTests.m */,
				508348BD1E66B9F7009EAC2D /* Info.plist */,
			);
			path = ScrollViewDemoTests;
			sourceTree = "<group>";
		};
		508348C51E66B9F7009EAC2D /* ScrollViewDemoUITests */ = {
			isa = PBXGroup;
			children = (
				508348C61E66B9F7009EAC2D /* ScrollViewDemoUITests.m */,
				508348C81E66B9F7009EAC2D /* Info.plist */,
			);
			path = ScrollViewDemoUITests;
			sourceTree = "<group>";
		};
		508348D61E66C6E8009EAC2D /* AdMarvelSDK */ = {
			isa = PBXGroup;
			children = (
				508348D71E66C6E8009EAC2D /* AdMarvelDelegate.h */,
				508348D81E66C6E8009EAC2D /* AdMarvelNativeAd.h */,
				508348D91E66C6E8009EAC2D /* AdMarvelNativeAdDelegate.h */,
				508348DA1E66C6E8009EAC2D /* AdMarvelReward.h */,
				508348DB1E66C6E8009EAC2D /* AdMarvelRewardDelegate.h */,
				508348DC1E66C6E8009EAC2D /* AdMarvelView.h */,
				508348DD1E66C6E8009EAC2D /* libAdMarvelSDK.a */,
				508348DE1E66C6E8009EAC2D /* SDKConnectorHeaders */,
			);
			path = AdMarvelSDK;
			sourceTree = "<group>";
		};
		508348DE1E66C6E8009EAC2D /* SDKConnectorHeaders */ = {
			isa = PBXGroup;
			children = (
				508348DF1E66C6E8009EAC2D /* OMWCustomBanner.h */,
				508348E01E66C6E8009EAC2D /* OMWCustomBannerDelegate.h */,
				508348E11E66C6E8009EAC2D /* OMWCustomInterstitial.h */,
				508348E21E66C6E8009EAC2D /* OMWCustomInterstitialDelegate.h */,
				508348E31E66C6E8009EAC2D /* OMWCustomNative.h */,
				508348E41E66C6E8009EAC2D /* OMWCustomNativeAd.h */,
				508348E51E66C6E8009EAC2D /* OMWCustomNativeDelegate.h */,
				508348E61E66C6E8009EAC2D /* OMWCustomReward.h */,
				508348E71E66C6E8009EAC2D /* OMWCustomRewardDelegate.h */,
			);
			path = SDKConnectorHeaders;
			sourceTree = "<group>";
		};
		508348E91E66C703009EAC2D /* Frameworks */ = {
			isa = PBXGroup;
			children = (
				5083491E1E66C828009EAC2D /* UIKit.framework */,
				5083491C1E66C81E009EAC2D /* SystemConfiguration.framework */,
				5083491A1E66C815009EAC2D /* Social.framework */,
				508349181E66C80E009EAC2D /* Security.framework */,
				508349161E66C803009EAC2D /* StoreKit.framework */,
				508349141E66C7E9009EAC2D /* QuartzCore.framework */,
				508349121E66C7D8009EAC2D /* MobileCoreServices.framework */,
				508349101E66C7C9009EAC2D /* MessageUI.framework */,
				5083490E1E66C7BF009EAC2D /* MediaPlayer.framework */,
				5083490C1E66C7A5009EAC2D /* libz.tbd */,
				5083490A1E66C79A009EAC2D /* libstdc++.tbd */,
				508349081E66C78F009EAC2D /* iAd.framework */,
				508349061E66C788009EAC2D /* Foundation.framework */,
				508349021E66C77D009EAC2D /* EventKit.framework */,
				508349031E66C77D009EAC2D /* EventKitUI.framework */,
				508349001E66C770009EAC2D /* CoreTelephony.framework */,
				508348FE1E66C76B009EAC2D /* WebKit.framework */,
				508348FC1E66C761009EAC2D /* CoreMotion.framework */,
				508348FA1E66C756009EAC2D /* CoreMedia.framework */,
				508348F81E66C74E009EAC2D /* CoreLocation.framework */,
				508348F61E66C741009EAC2D /* CoreGraphics.framework */,
				508348F41E66C73A009EAC2D /* CFNetwork.framework */,
				508348F21E66C72F009EAC2D /* AVFoundation.framework */,
				508348F01E66C71F009EAC2D /* AudioToolbox.framework */,
				508348EE1E66C711009EAC2D /* AssetsLibrary.framework */,
				508348EC1E66C709009EAC2D /* AdSupport.framework */,
				508348EA1E66C703009EAC2D /* Accounts.framework */,
			);
			name = Frameworks;
			sourceTree = "<group>";
		};
/* End PBXGroup section */

/* Begin PBXNativeTarget section */
		5083489D1E66B9F7009EAC2D /* ScrollViewDemo */ = {
			isa = PBXNativeTarget;
			buildConfigurationList = 508348CB1E66B9F7009EAC2D /* Build configuration list for PBXNativeTarget "ScrollViewDemo" */;
			buildPhases = (
				5083489A1E66B9F7009EAC2D /* Sources */,
				5083489B1E66B9F7009EAC2D /* Frameworks */,
				5083489C1E66B9F7009EAC2D /* Resources */,
			);
			buildRules = (
			);
			dependencies = (
			);
			name = ScrollViewDemo;
			productName = ScrollViewDemo;
			productReference = 5083489E1E66B9F7009EAC2D /* ScrollViewDemo.app */;
			productType = "com.apple.product-type.application";
		};
		508348B61E66B9F7009EAC2D /* ScrollViewDemoTests */ = {
			isa = PBXNativeTarget;
			buildConfigurationList = 508348CE1E66B9F7009EAC2D /* Build configuration list for PBXNativeTarget "ScrollViewDemoTests" */;
			buildPhases = (
				508348B31E66B9F7009EAC2D /* Sources */,
				508348B41E66B9F7009EAC2D /* Frameworks */,
				508348B51E66B9F7009EAC2D /* Resources */,
			);
			buildRules = (
			);
			dependencies = (
				508348B91E66B9F7009EAC2D /* PBXTargetDependency */,
			);
			name = ScrollViewDemoTests;
			productName = ScrollViewDemoTests;
			productReference = 508348B71E66B9F7009EAC2D /* ScrollViewDemoTests.xctest */;
			productType = "com.apple.product-type.bundle.unit-test";
		};
		508348C11E66B9F7009EAC2D /* ScrollViewDemoUITests */ = {
			isa = PBXNativeTarget;
			buildConfigurationList = 508348D11E66B9F7009EAC2D /* Build configuration list for PBXNativeTarget "ScrollViewDemoUITests" */;
			buildPhases = (
				508348BE1E66B9F7009EAC2D /* Sources */,
				508348BF1E66B9F7009EAC2D /* Frameworks */,
				508348C01E66B9F7009EAC2D /* Resources */,
			);
			buildRules = (
			);
			dependencies = (
				508348C41E66B9F7009EAC2D /* PBXTargetDependency */,
			);
			name = ScrollViewDemoUITests;
			productName = ScrollViewDemoUITests;
			productReference = 508348C21E66B9F7009EAC2D /* ScrollViewDemoUITests.xctest */;
			productType = "com.apple.product-type.bundle.ui-testing";
		};
/* End PBXNativeTarget section */

/* Begin PBXProject section */
		508348961E66B9F7009EAC2D /* Project object */ = {
			isa = PBXProject;
			attributes = {
				LastUpgradeCheck = 0820;
				ORGANIZATIONNAME = SaunakChoudhury;
				TargetAttributes = {
					5083489D1E66B9F7009EAC2D = {
						CreatedOnToolsVersion = 8.2.1;
						DevelopmentTeam = HP3CYP2B66;
						ProvisioningStyle = Automatic;
					};
					508348B61E66B9F7009EAC2D = {
						CreatedOnToolsVersion = 8.2.1;
						ProvisioningStyle = Automatic;
						TestTargetID = 5083489D1E66B9F7009EAC2D;
					};
					508348C11E66B9F7009EAC2D = {
						CreatedOnToolsVersion = 8.2.1;
						ProvisioningStyle = Automatic;
						TestTargetID = 5083489D1E66B9F7009EAC2D;
					};
				};
			};
			buildConfigurationList = 508348991E66B9F7009EAC2D /* Build configuration list for PBXProject "ScrollViewDemo" */;
			compatibilityVersion = "Xcode 3.2";
			developmentRegion = English;
			hasScannedForEncodings = 0;
			knownRegions = (
				en,
				Base,
			);
			mainGroup = 508348951E66B9F7009EAC2D;
			productRefGroup = 5083489F1E66B9F7009EAC2D /* Products */;
			projectDirPath = "";
			projectRoot = "";
			targets = (
				5083489D1E66B9F7009EAC2D /* ScrollViewDemo */,
				508348B61E66B9F7009EAC2D /* ScrollViewDemoTests */,
				508348C11E66B9F7009EAC2D /* ScrollViewDemoUITests */,
			);
		};
/* End PBXProject section */

/* Begin PBXResourcesBuildPhase section */
		5083489C1E66B9F7009EAC2D /* Resources */ = {
			isa = PBXResourcesBuildPhase;
			buildActionMask = 2147483647;
			files = (
				508348B11E66B9F7009EAC2D /* LaunchScreen.storyboard in Resources */,
				508348AE1E66B9F7009EAC2D /* Assets.xcassets in Resources */,
				508348AC1E66B9F7009EAC2D /* Main.storyboard in Resources */,
			);
			runOnlyForDeploymentPostprocessing = 0;
		};
		508348B51E66B9F7009EAC2D /* Resources */ = {
			isa = PBXResourcesBuildPhase;
			buildActionMask = 2147483647;
			files = (
			);
			runOnlyForDeploymentPostprocessing = 0;
		};
		508348C01E66B9F7009EAC2D /* Resources */ = {
			isa = PBXResourcesBuildPhase;
			buildActionMask = 2147483647;
			files = (
			);
			runOnlyForDeploymentPostprocessing = 0;
		};
/* End PBXResourcesBuildPhase section */

/* Begin PBXSourcesBuildPhase section */
		5083489A1E66B9F7009EAC2D /* Sources */ = {
			isa = PBXSourcesBuildPhase;
			buildActionMask = 2147483647;
			files = (
				508348A91E66B9F7009EAC2D /* ViewController.m in Sources */,
				508348A61E66B9F7009EAC2D /* AppDelegate.m in Sources */,
				508348A31E66B9F7009EAC2D /* main.m in Sources */,
			);
			runOnlyForDeploymentPostprocessing = 0;
		};
		508348B31E66B9F7009EAC2D /* Sources */ = {
			isa = PBXSourcesBuildPhase;
			buildActionMask = 2147483647;
			files = (
				508348BC1E66B9F7009EAC2D /* ScrollViewDemoTests.m in Sources */,
			);
			runOnlyForDeploymentPostprocessing = 0;
		};
		508348BE1E66B9F7009EAC2D /* Sources */ = {
			isa = PBXSourcesBuildPhase;
			buildActionMask = 2147483647;
			files = (
				508348C71E66B9F7009EAC2D /* ScrollViewDemoUITests.m in Sources */,
			);
			runOnlyForDeploymentPostprocessing = 0;
		};
/* End PBXSourcesBuildPhase section */

/* Begin PBXTargetDependency section */
		508348B91E66B9F7009EAC2D /* PBXTargetDependency */ = {
			isa = PBXTargetDependency;
			target = 5083489D1E66B9F7009EAC2D /* ScrollViewDemo */;
			targetProxy = 508348B81E66B9F7009EAC2D /* PBXContainerItemProxy */;
		};
		508348C41E66B9F7009EAC2D /* PBXTargetDependency */ = {
			isa = PBXTargetDependency;
			target = 5083489D1E66B9F7009EAC2D /* ScrollViewDemo */;
			targetProxy = 508348C31E66B9F7009EAC2D /* PBXContainerItemProxy */;
		};
/* End PBXTargetDependency section */

/* Begin PBXVariantGroup section */
		508348AA1E66B9F7009EAC2D /* Main.storyboard */ = {
			isa = PBXVariantGroup;
			children = (
				508348AB1E66B9F7009EAC2D /* Base */,
			);
			name = Main.storyboard;
			sourceTree = "<group>";
		};
		508348AF1E66B9F7009EAC2D /* LaunchScreen.storyboard */ = {
			isa = PBXVariantGroup;
			children = (
				508348B01E66B9F7009EAC2D /* Base */,
			);
			name = LaunchScreen.storyboard;
			sourceTree = "<group>";
		};
/* End PBXVariantGroup section */

/* Begin XCBuildConfiguration section */
		508348C91E66B9F7009EAC2D /* Debug */ = {
			isa = XCBuildConfiguration;
			buildSettings = {
				ALWAYS_SEARCH_USER_PATHS = NO;
				CLANG_ANALYZER_NONNULL = YES;
				CLANG_CXX_LANGUAGE_STANDARD = "gnu++0x";
				CLANG_CXX_LIBRARY = "libc++";
				CLANG_ENABLE_MODULES = YES;
				CLANG_ENABLE_OBJC_ARC = YES;
				CLANG_WARN_BOOL_CONVERSION = YES;
				CLANG_WARN_CONSTANT_CONVERSION = YES;
				CLANG_WARN_DIRECT_OBJC_ISA_USAGE = YES_ERROR;
				CLANG_WARN_DOCUMENTATION_COMMENTS = YES;
				CLANG_WARN_EMPTY_BODY = YES;
				CLANG_WARN_ENUM_CONVERSION = YES;
				CLANG_WARN_INFINITE_RECURSION = YES;
				CLANG_WARN_INT_CONVERSION = YES;
				CLANG_WARN_OBJC_ROOT_CLASS = YES_ERROR;
				CLANG_WARN_SUSPICIOUS_MOVE = YES;
				CLANG_WARN_UNREACHABLE_CODE = YES;
				CLANG_WARN__DUPLICATE_METHOD_MATCH = YES;
				"CODE_SIGN_IDENTITY[sdk=iphoneos*]" = "iPhone Developer";
				COPY_PHASE_STRIP = NO;
				DEBUG_INFORMATION_FORMAT = dwarf;
				ENABLE_STRICT_OBJC_MSGSEND = YES;
				ENABLE_TESTABILITY = YES;
				GCC_C_LANGUAGE_STANDARD = gnu99;
				GCC_DYNAMIC_NO_PIC = NO;
				GCC_NO_COMMON_BLOCKS = YES;
				GCC_OPTIMIZATION_LEVEL = 0;
				GCC_PREPROCESSOR_DEFINITIONS = (
					"DEBUG=1",
					"$(inherited)",
				);
				GCC_WARN_64_TO_32_BIT_CONVERSION = YES;
				GCC_WARN_ABOUT_RETURN_TYPE = YES_ERROR;
				GCC_WARN_UNDECLARED_SELECTOR = YES;
				GCC_WARN_UNINITIALIZED_AUTOS = YES_AGGRESSIVE;
				GCC_WARN_UNUSED_FUNCTION = YES;
				GCC_WARN_UNUSED_VARIABLE = YES;
				IPHONEOS_DEPLOYMENT_TARGET = 10.2;
				MTL_ENABLE_DEBUG_INFO = YES;
				ONLY_ACTIVE_ARCH = YES;
				SDKROOT = iphoneos;
				TARGETED_DEVICE_FAMILY = "1,2";
			};
			name = Debug;
		};
		508348CA1E66B9F7009EAC2D /* Release */ = {
			isa = XCBuildConfiguration;
			buildSettings = {
				ALWAYS_SEARCH_USER_PATHS = NO;
				CLANG_ANALYZER_NONNULL = YES;
				CLANG_CXX_LANGUAGE_STANDARD = "gnu++0x";
				CLANG_CXX_LIBRARY = "libc++";
				CLANG_ENABLE_MODULES = YES;
				CLANG_ENABLE_OBJC_ARC = YES;
				CLANG_WARN_BOOL_CONVERSION = YES;
				CLANG_WARN_CONSTANT_CONVERSION = YES;
				CLANG_WARN_DIRECT_OBJC_ISA_USAGE = YES_ERROR;
				CLANG_WARN_DOCUMENTATION_COMMENTS = YES;
				CLANG_WARN_EMPTY_BODY = YES;
				CLANG_WARN_ENUM_CONVERSION = YES;
				CLANG_WARN_INFINITE_RECURSION = YES;
				CLANG_WARN_INT_CONVERSION = YES;
				CLANG_WARN_OBJC_ROOT_CLASS = YES_ERROR;
				CLANG_WARN_SUSPICIOUS_MOVE = YES;
				CLANG_WARN_UNREACHABLE_CODE = YES;
				CLANG_WARN__DUPLICATE_METHOD_MATCH = YES;
				"CODE_SIGN_IDENTITY[sdk=iphoneos*]" = "iPhone Developer";
				COPY_PHASE_STRIP = NO;
				DEBUG_INFORMATION_FORMAT = "dwarf-with-dsym";
				ENABLE_NS_ASSERTIONS = NO;
				ENABLE_STRICT_OBJC_MSGSEND = YES;
				GCC_C_LANGUAGE_STANDARD = gnu99;
				GCC_NO_COMMON_BLOCKS = YES;
				GCC_WARN_64_TO_32_BIT_CONVERSION = YES;
				GCC_WARN_ABOUT_RETURN_TYPE = YES_ERROR;
				GCC_WARN_UNDECLARED_SELECTOR = YES;
				GCC_WARN_UNINITIALIZED_AUTOS = YES_AGGRESSIVE;
				GCC_WARN_UNUSED_FUNCTION = YES;
				GCC_WARN_UNUSED_VARIABLE = YES;
				IPHONEOS_DEPLOYMENT_TARGET = 10.2;
				MTL_ENABLE_DEBUG_INFO = NO;
				SDKROOT = iphoneos;
				TARGETED_DEVICE_FAMILY = "1,2";
				VALIDATE_PRODUCT = YES;
			};
			name = Release;
		};
		508348CC1E66B9F7009EAC2D /* Debug */ = {
			isa = XCBuildConfiguration;
			buildSettings = {
				ASSETCATALOG_COMPILER_APPICON_NAME = AppIcon;
				DEVELOPMENT_TEAM = HP3CYP2B66;
				INFOPLIST_FILE = ScrollViewDemo/Info.plist;
				LD_RUNPATH_SEARCH_PATHS = "$(inherited) @executable_path/Frameworks";
				LIBRARY_SEARCH_PATHS = (
					"$(inherited)",
					"$(PROJECT_DIR)/AdMarvelSDK",
				);
				OTHER_LDFLAGS = "-ObjC";
				PRODUCT_BUNDLE_IDENTIFIER = saunak.ScrollViewDemo;
				PRODUCT_NAME = "$(TARGET_NAME)";
			};
			name = Debug;
		};
		508348CD1E66B9F7009EAC2D /* Release */ = {
			isa = XCBuildConfiguration;
			buildSettings = {
				ASSETCATALOG_COMPILER_APPICON_NAME = AppIcon;
				DEVELOPMENT_TEAM = HP3CYP2B66;
				INFOPLIST_FILE = ScrollViewDemo/Info.plist;
				LD_RUNPATH_SEARCH_PATHS = "$(inherited) @executable_path/Frameworks";
				LIBRARY_SEARCH_PATHS = (
					"$(inherited)",
					"$(PROJECT_DIR)/AdMarvelSDK",
				);
				OTHER_LDFLAGS = "-ObjC";
				PRODUCT_BUNDLE_IDENTIFIER = saunak.ScrollViewDemo;
				PRODUCT_NAME = "$(TARGET_NAME)";
			};
			name = Release;
		};
		508348CF1E66B9F7009EAC2D /* Debug */ = {
			isa = XCBuildConfiguration;
			buildSettings = {
				BUNDLE_LOADER = "$(TEST_HOST)";
				INFOPLIST_FILE = ScrollViewDemoTests/Info.plist;
				LD_RUNPATH_SEARCH_PATHS = "$(inherited) @executable_path/Frameworks @loader_path/Frameworks";
				PRODUCT_BUNDLE_IDENTIFIER = saunak.ScrollViewDemoTests;
				PRODUCT_NAME = "$(TARGET_NAME)";
				TEST_HOST = "$(BUILT_PRODUCTS_DIR)/ScrollViewDemo.app/ScrollViewDemo";
			};
			name = Debug;
		};
		508348D01E66B9F7009EAC2D /* Release */ = {
			isa = XCBuildConfiguration;
			buildSettings = {
				BUNDLE_LOADER = "$(TEST_HOST)";
				INFOPLIST_FILE = ScrollViewDemoTests/Info.plist;
				LD_RUNPATH_SEARCH_PATHS = "$(inherited) @executable_path/Frameworks @loader_path/Frameworks";
				PRODUCT_BUNDLE_IDENTIFIER = saunak.ScrollViewDemoTests;
				PRODUCT_NAME = "$(TARGET_NAME)";
				TEST_HOST = "$(BUILT_PRODUCTS_DIR)/ScrollViewDemo.app/ScrollViewDemo";
			};
			name = Release;
		};
		508348D21E66B9F7009EAC2D /* Debug */ = {
			isa = XCBuildConfiguration;
			buildSettings = {
				INFOPLIST_FILE = ScrollViewDemoUITests/Info.plist;
				LD_RUNPATH_SEARCH_PATHS = "$(inherited) @executable_path/Frameworks @loader_path/Frameworks";
				PRODUCT_BUNDLE_IDENTIFIER = saunak.ScrollViewDemoUITests;
				PRODUCT_NAME = "$(TARGET_NAME)";
				TEST_TARGET_NAME = ScrollViewDemo;
			};
			name = Debug;
		};
		508348D31E66B9F7009EAC2D /* Release */ = {
			isa = XCBuildConfiguration;
			buildSettings = {
				INFOPLIST_FILE = ScrollViewDemoUITests/Info.plist;
				LD_RUNPATH_SEARCH_PATHS = "$(inherited) @executable_path/Frameworks @loader_path/Frameworks";
				PRODUCT_BUNDLE_IDENTIFIER = saunak.ScrollViewDemoUITests;
				PRODUCT_NAME = "$(TARGET_NAME)";
				TEST_TARGET_NAME = ScrollViewDemo;
			};
			name = Release;
		};
/* End XCBuildConfiguration section */

/* Begin XCConfigurationList section */
		508348991E66B9F7009EAC2D /* Build configuration list for PBXProject "ScrollViewDemo" */ = {
			isa = XCConfigurationList;
			buildConfigurations = (
				508348C91E66B9F7009EAC2D /* Debug */,
				508348CA1E66B9F7009EAC2D /* Release */,
			);
			defaultConfigurationIsVisible = 0;
			defaultConfigurationName = Release;
		};
		508348CB1E66B9F7009EAC2D /* Build configuration list for PBXNativeTarget "ScrollViewDemo" */ = {
			isa = XCConfigurationList;
			buildConfigurations = (
				508348CC1E66B9F7009EAC2D /* Debug */,
				508348CD1E66B9F7009EAC2D /* Release */,
			);
			defaultConfigurationIsVisible = 0;
		};
		508348CE1E66B9F7009EAC2D /* Build configuration list for PBXNativeTarget "ScrollViewDemoTests" */ = {
			isa = XCConfigurationList;
			buildConfigurations = (
				508348CF1E66B9F7009EAC2D /* Debug */,
				508348D01E66B9F7009EAC2D /* Release */,
			);
			defaultConfigurationIsVisible = 0;
		};
		508348D11E66B9F7009EAC2D /* Build configuration list for PBXNativeTarget "ScrollViewDemoUITests" */ = {
			isa = XCConfigurationList;
			buildConfigurations = (
				508348D21E66B9F7009EAC2D /* Debug */,
				508348D31E66B9F7009EAC2D /* Release */,
			);
			defaultConfigurationIsVisible = 0;
		};
/* End XCConfigurationList section */
	};
	rootObject = 508348961E66B9F7009EAC2D /* Project object */;
}
